// !$*UTF8*$!
{
	archiveVersion = 1;
	classes = {
	};
	objectVersion = 50;
	objects = {

/* Begin PBXBuildFile section */
		99808201260883150089CFA4 /* ConanGameApp.swift in Sources */ = {isa = PBXBuildFile; fileRef = 99808200260883150089CFA4 /* ConanGameApp.swift */; };
		99808203260883150089CFA4 /* ContentView.swift in Sources */ = {isa = PBXBuildFile; fileRef = 99808202260883150089CFA4 /* ContentView.swift */; };
		99808205260883160089CFA4 /* Assets.xcassets in Resources */ = {isa = PBXBuildFile; fileRef = 99808204260883160089CFA4 /* Assets.xcassets */; };
		99808208260883160089CFA4 /* Preview Assets.xcassets in Resources */ = {isa = PBXBuildFile; fileRef = 99808207260883160089CFA4 /* Preview Assets.xcassets */; };
		99808211260889F80089CFA4 /* UnoData.swift in Sources */ = {isa = PBXBuildFile; fileRef = 99808210260889F80089CFA4 /* UnoData.swift */; };
		9980821426089C930089CFA4 /* UnoGameView.swift in Sources */ = {isa = PBXBuildFile; fileRef = 9980821326089C930089CFA4 /* UnoGameView.swift */; };
		998F65D4262D8F93007C2C3F /* FinishGameView.swift in Sources */ = {isa = PBXBuildFile; fileRef = 998F65D3262D8F93007C2C3F /* FinishGameView.swift */; };
		99C26DA626269D8A0076A62F /* GameFunction.swift in Sources */ = {isa = PBXBuildFile; fileRef = 99C26DA526269D8A0076A62F /* GameFunction.swift */; };
/* End PBXBuildFile section */

/* Begin PBXFileReference section */
		998081FD260883150089CFA4 /* ConanGame.app */ = {isa = PBXFileReference; explicitFileType = wrapper.application; includeInIndex = 0; path = ConanGame.app; sourceTree = BUILT_PRODUCTS_DIR; };
		99808200260883150089CFA4 /* ConanGameApp.swift */ = {isa = PBXFileReference; lastKnownFileType = sourcecode.swift; path = ConanGameApp.swift; sourceTree = "<group>"; };
		99808202260883150089CFA4 /* ContentView.swift */ = {isa = PBXFileReference; lastKnownFileType = sourcecode.swift; path = ContentView.swift; sourceTree = "<group>"; };
		99808204260883160089CFA4 /* Assets.xcassets */ = {isa = PBXFileReference; lastKnownFileType = folder.assetcatalog; path = Assets.xcassets; sourceTree = "<group>"; };
		99808207260883160089CFA4 /* Preview Assets.xcassets */ = {isa = PBXFileReference; lastKnownFileType = folder.assetcatalog; path = "Preview Assets.xcassets"; sourceTree = "<group>"; };
		99808209260883160089CFA4 /* Info.plist */ = {isa = PBXFileReference; lastKnownFileType = text.plist.xml; path = Info.plist; sourceTree = "<group>"; };
		99808210260889F80089CFA4 /* UnoData.swift */ = {isa = PBXFileReference; lastKnownFileType = sourcecode.swift; path = UnoData.swift; sourceTree = "<group>"; };
		9980821326089C930089CFA4 /* UnoGameView.swift */ = {isa = PBXFileReference; lastKnownFileType = sourcecode.swift; path = UnoGameView.swift; sourceTree = "<group>"; };
		998F65D3262D8F93007C2C3F /* FinishGameView.swift */ = {isa = PBXFileReference; lastKnownFileType = sourcecode.swift; path = FinishGameView.swift; sourceTree = "<group>"; };
		99C26DA526269D8A0076A62F /* GameFunction.swift */ = {isa = PBXFileReference; lastKnownFileType = sourcecode.swift; path = GameFunction.swift; sourceTree = "<group>"; };
/* End PBXFileReference section */

/* Begin PBXFrameworksBuildPhase section */
		998081FA260883150089CFA4 /* Frameworks */ = {
			isa = PBXFrameworksBuildPhase;
			buildActionMask = 2147483647;
			files = (
			);
			runOnlyForDeploymentPostprocessing = 0;
		};
/* End PBXFrameworksBuildPhase section */

/* Begin PBXGroup section */
		998081F4260883150089CFA4 = {
			isa = PBXGroup;
			children = (
				998081FF260883150089CFA4 /* ConanGame */,
				998081FE260883150089CFA4 /* Products */,
			);
			sourceTree = "<group>";
		};
		998081FE260883150089CFA4 /* Products */ = {
			isa = PBXGroup;
			children = (
				998081FD260883150089CFA4 /* ConanGame.app */,
			);
			name = Products;
			sourceTree = "<group>";
		};
		998081FF260883150089CFA4 /* ConanGame */ = {
			isa = PBXGroup;
			children = (
				99808200260883150089CFA4 /* ConanGameApp.swift */,
				99808202260883150089CFA4 /* ContentView.swift */,
				9980821326089C930089CFA4 /* UnoGameView.swift */,
				998F65D3262D8F93007C2C3F /* FinishGameView.swift */,
				99C26DA526269D8A0076A62F /* GameFunction.swift */,
				99808210260889F80089CFA4 /* UnoData.swift */,
				99808204260883160089CFA4 /* Assets.xcassets */,
				99808209260883160089CFA4 /* Info.plist */,
				99808206260883160089CFA4 /* Preview Content */,
			);
			path = ConanGame;
			sourceTree = "<group>";
		};
		99808206260883160089CFA4 /* Preview Content */ = {
			isa = PBXGroup;
			children = (
				99808207260883160089CFA4 /* Preview Assets.xcassets */,
			);
			path = "Preview Content";
			sourceTree = "<group>";
		};
/* End PBXGroup section */

/* Begin PBXNativeTarget section */
		998081FC260883150089CFA4 /* ConanGame */ = {
			isa = PBXNativeTarget;
			buildConfigurationList = 9980820C260883160089CFA4 /* Build configuration list for PBXNativeTarget "ConanGame" */;
			buildPhases = (
				998081F9260883150089CFA4 /* Sources */,
				998081FA260883150089CFA4 /* Frameworks */,
				998081FB260883150089CFA4 /* Resources */,
			);
			buildRules = (
			);
			dependencies = (
			);
			name = ConanGame;
			productName = ConanGame;
			productReference = 998081FD260883150089CFA4 /* ConanGame.app */;
			productType = "com.apple.product-type.application";
		};
/* End PBXNativeTarget section */

/* Begin PBXProject section */
		998081F5260883150089CFA4 /* Project object */ = {
			isa = PBXProject;
			attributes = {
				LastSwiftUpdateCheck = 1240;
				LastUpgradeCheck = 1240;
				TargetAttributes = {
					998081FC260883150089CFA4 = {
						CreatedOnToolsVersion = 12.4;
					};
				};
			};
			buildConfigurationList = 998081F8260883150089CFA4 /* Build configuration list for PBXProject "ConanGame" */;
			compatibilityVersion = "Xcode 9.3";
			developmentRegion = en;
			hasScannedForEncodings = 0;
			knownRegions = (
				en,
				Base,
			);
			mainGroup = 998081F4260883150089CFA4;
			productRefGroup = 998081FE260883150089CFA4 /* Products */;
			projectDirPath = "";
			projectRoot = "";
			targets = (
				998081FC260883150089CFA4 /* ConanGame */,
			);
		};
/* End PBXProject section */

/* Begin PBXResourcesBuildPhase section */
		998081FB260883150089CFA4 /* Resources */ = {
			isa = PBXResourcesBuildPhase;
			buildActionMask = 2147483647;
			files = (
				99808208260883160089CFA4 /* Preview Assets.xcassets in Resources */,
				99808205260883160089CFA4 /* Assets.xcassets in Resources */,
			);
			runOnlyForDeploymentPostprocessing = 0;
		};
/* End PBXResourcesBuildPhase section */

/* Begin PBXSourcesBuildPhase section */
		998081F9260883150089CFA4 /* Sources */ = {
			isa = PBXSourcesBuildPhase;
			buildActionMask = 2147483647;
			files = (
				99808211260889F80089CFA4 /* UnoData.swift in Sources */,
				998F65D4262D8F93007C2C3F /* FinishGameView.swift in Sources */,
				99808203260883150089CFA4 /* ContentView.swift in Sources */,
				99808201260883150089CFA4 /* ConanGameApp.swift in Sources */,
				9980821426089C930089CFA4 /* UnoGameView.swift in Sources */,
				99C26DA626269D8A0076A62F /* GameFunction.swift in Sources */,
			);
			runOnlyForDeploymentPostprocessing = 0;
		};
/* End PBXSourcesBuildPhase section */

/* Begin XCBuildConfiguration section */
		9980820A260883160089CFA4 /* Debug */ = {
			isa = XCBuildConfiguration;
			buildSettings = {
				ALWAYS_SEARCH_USER_PATHS = NO;
				CLANG_ANALYZER_NONNULL = YES;
				CLANG_ANALYZER_NUMBER_OBJECT_CONVERSION = YES_AGGRESSIVE;
				CLANG_CXX_LANGUAGE_STANDARD = "gnu++14";
				CLANG_CXX_LIBRARY = "libc++";
				CLANG_ENABLE_MODULES = YES;
				CLANG_ENABLE_OBJC_ARC = YES;
				CLANG_ENABLE_OBJC_WEAK = YES;
				CLANG_WARN_BLOCK_CAPTURE_AUTORELEASING = YES;
				CLANG_WARN_BOOL_CONVERSION = YES;
				CLANG_WARN_COMMA = YES;
				CLANG_WARN_CONSTANT_CONVERSION = YES;
				CLANG_WARN_DEPRECATED_OBJC_IMPLEMENTATIONS = YES;
				CLANG_WARN_DIRECT_OBJC_ISA_USAGE = YES_ERROR;
				CLANG_WARN_DOCUMENTATION_COMMENTS = YES;
				CLANG_WARN_EMPTY_BODY = YES;
				CLANG_WARN_ENUM_CONVERSION = YES;
				CLANG_WARN_INFINITE_RECURSION = YES;
				CLANG_WARN_INT_CONVERSION = YES;
				CLANG_WARN_NON_LITERAL_NULL_CONVERSION = YES;
				CLANG_WARN_OBJC_IMPLICIT_RETAIN_SELF = YES;
				CLANG_WARN_OBJC_LITERAL_CONVERSION = YES;
				CLANG_WARN_OBJC_ROOT_CLASS = YES_ERROR;
				CLANG_WARN_QUOTED_INCLUDE_IN_FRAMEWORK_HEADER = YES;
				CLANG_WARN_RANGE_LOOP_ANALYSIS = YES;
				CLANG_WARN_STRICT_PROTOTYPES = YES;
				CLANG_WARN_SUSPICIOUS_MOVE = YES;
				CLANG_WARN_UNGUARDED_AVAILABILITY = YES_AGGRESSIVE;
				CLANG_WARN_UNREACHABLE_CODE = YES;
				CLANG_WARN__DUPLICATE_METHOD_MATCH = YES;
				COPY_PHASE_STRIP = NO;
				DEBUG_INFORMATION_FORMAT = dwarf;
				ENABLE_STRICT_OBJC_MSGSEND = YES;
				ENABLE_TESTABILITY = YES;
				GCC_C_LANGUAGE_STANDARD = gnu11;
				GCC_DYNAMIC_NO_PIC = NO;
				GCC_NO_COMMON_BLOCKS = YES;
				GCC_OPTIMIZATION_LEVEL = 0;
				GCC_PREPROCESSOR_DEFINITIONS = (
					"DEBUG=1",
					"$(inherited)",
				);
				GCC_WARN_64_TO_32_BIT_CONVERSION = YES;
				GCC_WARN_ABOUT_RETURN_TYPE = YES_ERROR;
				GCC_WARN_UNDECLARED_SELECTOR = YES;
				GCC_WARN_UNINITIALIZED_AUTOS = YES_AGGRESSIVE;
				GCC_WARN_UNUSED_FUNCTION = YES;
				GCC_WARN_UNUSED_VARIABLE = YES;
				IPHONEOS_DEPLOYMENT_TARGET = 14.4;
				MTL_ENABLE_DEBUG_INFO = INCLUDE_SOURCE;
				MTL_FAST_MATH = YES;
				ONLY_ACTIVE_ARCH = YES;
				SDKROOT = iphoneos;
				SWIFT_ACTIVE_COMPILATION_CONDITIONS = DEBUG;
				SWIFT_OPTIMIZATION_LEVEL = "-Onone";
			};
			name = Debug;
		};
		9980820B260883160089CFA4 /* Release */ = {
			isa = XCBuildConfiguration;
			buildSettings = {
				ALWAYS_SEARCH_USER_PATHS = NO;
				CLANG_ANALYZER_NONNULL = YES;
				CLANG_ANALYZER_NUMBER_OBJECT_CONVERSION = YES_AGGRESSIVE;
				CLANG_CXX_LANGUAGE_STANDARD = "gnu++14";
				CLANG_CXX_LIBRARY = "libc++";
				CLANG_ENABLE_MODULES = YES;
				CLANG_ENABLE_OBJC_ARC = YES;
				CLANG_ENABLE_OBJC_WEAK = YES;
				CLANG_WARN_BLOCK_CAPTURE_AUTORELEASING = YES;
				CLANG_WARN_BOOL_CONVERSION = YES;
				CLANG_WARN_COMMA = YES;
				CLANG_WARN_CONSTANT_CONVERSION = YES;
				CLANG_WARN_DEPRECATED_OBJC_IMPLEMENTATIONS = YES;
				CLANG_WARN_DIRECT_OBJC_ISA_USAGE = YES_ERROR;
				CLANG_WARN_DOCUMENTATION_COMMENTS = YES;
				CLANG_WARN_EMPTY_BODY = YES;
				CLANG_WARN_ENUM_CONVERSION = YES;
				CLANG_WARN_INFINITE_RECURSION = YES;
				CLANG_WARN_INT_CONVERSION = YES;
				CLANG_WARN_NON_LITERAL_NULL_CONVERSION = YES;
				CLANG_WARN_OBJC_IMPLICIT_RETAIN_SELF = YES;
				CLANG_WARN_OBJC_LITERAL_CONVERSION = YES;
				CLANG_WARN_OBJC_ROOT_CLASS = YES_ERROR;
				CLANG_WARN_QUOTED_INCLUDE_IN_FRAMEWORK_HEADER = YES;
				CLANG_WARN_RANGE_LOOP_ANALYSIS = YES;
				CLANG_WARN_STRICT_PROTOTYPES = YES;
				CLANG_WARN_SUSPICIOUS_MOVE = YES;
				CLANG_WARN_UNGUARDED_AVAILABILITY = YES_AGGRESSIVE;
				CLANG_WARN_UNREACHABLE_CODE = YES;
				CLANG_WARN__DUPLICATE_METHOD_MATCH = YES;
				COPY_PHASE_STRIP = NO;
				DEBUG_INFORMATION_FORMAT = "dwarf-with-dsym";
				ENABLE_NS_ASSERTIONS = NO;
				ENABLE_STRICT_OBJC_MSGSEND = YES;
				GCC_C_LANGUAGE_STANDARD = gnu11;
				GCC_NO_COMMON_BLOCKS = YES;
				GCC_WARN_64_TO_32_BIT_CONVERSION = YES;
				GCC_WARN_ABOUT_RETURN_TYPE = YES_ERROR;
				GCC_WARN_UNDECLARED_SELECTOR = YES;
				GCC_WARN_UNINITIALIZED_AUTOS = YES_AGGRESSIVE;
				GCC_WARN_UNUSED_FUNCTION = YES;
				GCC_WARN_UNUSED_VARIABLE = YES;
				IPHONEOS_DEPLOYMENT_TARGET = 14.4;
				MTL_ENABLE_DEBUG_INFO = NO;
				MTL_FAST_MATH = YES;
				SDKROOT = iphoneos;
				SWIFT_COMPILATION_MODE = wholemodule;
				SWIFT_OPTIMIZATION_LEVEL = "-O";
				VALIDATE_PRODUCT = YES;
			};
			name = Release;
		};
		9980820D260883160089CFA4 /* Debug */ = {
			isa = XCBuildConfiguration;
			buildSettings = {
				ASSETCATALOG_COMPILER_APPICON_NAME = AppIcon;
				ASSETCATALOG_COMPILER_GLOBAL_ACCENT_COLOR_NAME = AccentColor;
				CODE_SIGN_STYLE = Automatic;
				DEVELOPMENT_ASSET_PATHS = "\"ConanGame/Preview Content\"";
				DEVELOPMENT_TEAM = 5TL8PL3VGP;
				ENABLE_PREVIEWS = YES;
				INFOPLIST_FILE = ConanGame/Info.plist;
				IPHONEOS_DEPLOYMENT_TARGET = 14.0;
				LD_RUNPATH_SEARCH_PATHS = (
					"$(inherited)",
					"@executable_path/Frameworks",
				);
				PRODUCT_BUNDLE_IDENTIFIER = com.MikePai.ConanGame;
				PRODUCT_NAME = "$(TARGET_NAME)";
				SWIFT_VERSION = 5.0;
				TARGETED_DEVICE_FAMILY = "1,2";
			};
			name = Debug;
		};
		9980820E260883160089CFA4 /* Release */ = {
			isa = XCBuildConfiguration;
			buildSettings = {
				ASSETCATALOG_COMPILER_APPICON_NAME = AppIcon;
				ASSETCATALOG_COMPILER_GLOBAL_ACCENT_COLOR_NAME = AccentColor;
				CODE_SIGN_STYLE = Automatic;
				DEVELOPMENT_ASSET_PATHS = "\"ConanGame/Preview Content\"";
				DEVELOPMENT_TEAM = 5TL8PL3VGP;
				ENABLE_PREVIEWS = YES;
				INFOPLIST_FILE = ConanGame/Info.plist;
				IPHONEOS_DEPLOYMENT_TARGET = 14.0;
				LD_RUNPATH_SEARCH_PATHS = (
					"$(inherited)",
					"@executable_path/Frameworks",
				);
				PRODUCT_BUNDLE_IDENTIFIER = com.MikePai.ConanGame;
				PRODUCT_NAME = "$(TARGET_NAME)";
				SWIFT_VERSION = 5.0;
				TARGETED_DEVICE_FAMILY = "1,2";
			};
			name = Release;
		};
/* End XCBuildConfiguration section */

/* Begin XCConfigurationList section */
		998081F8260883150089CFA4 /* Build configuration list for PBXProject "ConanGame" */ = {
			isa = XCConfigurationList;
			buildConfigurations = (
				9980820A260883160089CFA4 /* Debug */,
				9980820B260883160089CFA4 /* Release */,
			);
			defaultConfigurationIsVisible = 0;
			defaultConfigurationName = Release;
		};
		9980820C260883160089CFA4 /* Build configuration list for PBXNativeTarget "ConanGame" */ = {
			isa = XCConfigurationList;
			buildConfigurations = (
				9980820D260883160089CFA4 /* Debug */,
				9980820E260883160089CFA4 /* Release */,
			);
			defaultConfigurationIsVisible = 0;
			defaultConfigurationName = Release;
		};
/* End XCConfigurationList section */
	};
	rootObject = 998081F5260883150089CFA4 /* Project object */;
}
